
Microsoft Visual Studio Solution File, Format Version 12.00
# Blend for Visual Studio 14
VisualStudioVersion = 14.0.25420.1
MinimumVisualStudioVersion = 10.0.40219.1
Project("{FAE04EC0-301F-11D3-BF4B-00C04F79EFBC}") = "dz2", "dz2\dz2.csproj", "{EAB33264-199A-4BEB-8097-3DAA967E6AA1}"
EndProject
Project("{FAE04EC0-301F-11D3-BF4B-00C04F79EFBC}") = "Calc", "Calc\Calc.csproj", "{0FE37144-7817-45F4-8313-66031B518AE1}"
EndProject
Global
	GlobalSection(SolutionConfigurationPlatforms) = preSolution
		Debug|Any CPU = Debug|Any CPU
		Release|Any CPU = Release|Any CPU
	EndGlobalSection
	GlobalSection(ProjectConfigurationPlatforms) = postSolution
		{EAB33264-199A-4BEB-8097-3DAA967E6AA1}.Debug|Any CPU.ActiveCfg = Debug|Any CPU
		{EAB33264-199A-4BEB-8097-3DAA967E6AA1}.Debug|Any CPU.Build.0 = Debug|Any CPU
		{EAB33264-199A-4BEB-8097-3DAA967E6AA1}.Release|Any CPU.ActiveCfg = Release|Any CPU
		{EAB33264-199A-4BEB-8097-3DAA967E6AA1}.Release|Any CPU.Build.0 = Release|Any CPU
		{0FE37144-7817-45F4-8313-66031B518AE1}.Debug|Any CPU.ActiveCfg = Debug|Any CPU
		{0FE37144-7817-45F4-8313-66031B518AE1}.Debug|Any CPU.Build.0 = Debug|Any CPU
		{0FE37144-7817-45F4-8313-66031B518AE1}.Release|Any CPU.ActiveCfg = Release|Any CPU
		{0FE37144-7817-45F4-8313-66031B518AE1}.Release|Any CPU.Build.0 = Release|Any CPU
	EndGlobalSection
	GlobalSection(SolutionProperties) = preSolution
		HideSolutionNode = FALSE
	EndGlobalSection
	GlobalSection(ExtensibilityGlobals) = postSolution
		SolutionGuid = {A3D15D87-2731-487B-B541-5A3753307908}
	EndGlobalSection
EndGlobal
